<Solution>
  <Configurations>
    <Platform Name="x64" />
    <Platform Name="x86" />
  </Configurations>
  <Project Path="../../../external/DirectXTex/DirectXTex/DirectXTex_Desktop_2022.vcxproj" Id="371b9fa9-4c90-4ac6-a123-aced756d6c77" />
  <Project Path="MapChipConverter.vcxproj" Id="c0bc7624-9537-4239-a061-39fb23102cc4" />
  <Project Path="MapChipConverterLib.vcxproj" Id="5f0d6793-095a-4d79-bfd9-15e18a0ffe72" />
</Solution>
