<Solution>
  <Configurations>
    <Platform Name="x64" />
    <Platform Name="x86" />
  </Configurations>
  <Project Path="../../asdxAsset/project/asdxAsset.vcxproj" Id="b9d43f50-8879-4195-81ab-e3b1ea58f566">
    <Platform Project="x64" />
  </Project>
  <Project Path="MapChipConverter.vcxproj" Id="c0bc7624-9537-4239-a061-39fb23102cc4" />
</Solution>
