
Microsoft Visual Studio Solution File, Format Version 12.00
# Visual Studio Version 17
VisualStudioVersion = 17.8.34330.188
MinimumVisualStudioVersion = 10.0.40219.1
Project("{8BC9CEB8-8B4A-11D0-8D11-00A0C91BC942}") = "asdxUnitTest", "asdxUnitTest.vcxproj", "{73EE3884-EB60-48A3-88C4-86C4F61A3ED6}"
EndProject
Project("{8BC9CEB8-8B4A-11D0-8D11-00A0C91BC942}") = "asdx12", "..\project\asdx12.vcxproj", "{ECD906D6-5DEB-4B5B-B919-05C147194C1D}"
EndProject
Global
	GlobalSection(SolutionConfigurationPlatforms) = preSolution
		Debug|x64 = Debug|x64
		Debug|x86 = Debug|x86
		Release|x64 = Release|x64
		Release|x86 = Release|x86
	EndGlobalSection
	GlobalSection(ProjectConfigurationPlatforms) = postSolution
		{73EE3884-EB60-48A3-88C4-86C4F61A3ED6}.Debug|x64.ActiveCfg = Debug|x64
		{73EE3884-EB60-48A3-88C4-86C4F61A3ED6}.Debug|x64.Build.0 = Debug|x64
		{73EE3884-EB60-48A3-88C4-86C4F61A3ED6}.Debug|x86.ActiveCfg = Debug|Win32
		{73EE3884-EB60-48A3-88C4-86C4F61A3ED6}.Debug|x86.Build.0 = Debug|Win32
		{73EE3884-EB60-48A3-88C4-86C4F61A3ED6}.Release|x64.ActiveCfg = Release|x64
		{73EE3884-EB60-48A3-88C4-86C4F61A3ED6}.Release|x64.Build.0 = Release|x64
		{73EE3884-EB60-48A3-88C4-86C4F61A3ED6}.Release|x86.ActiveCfg = Release|Win32
		{73EE3884-EB60-48A3-88C4-86C4F61A3ED6}.Release|x86.Build.0 = Release|Win32
		{ECD906D6-5DEB-4B5B-B919-05C147194C1D}.Debug|x64.ActiveCfg = Debug|x64
		{ECD906D6-5DEB-4B5B-B919-05C147194C1D}.Debug|x64.Build.0 = Debug|x64
		{ECD906D6-5DEB-4B5B-B919-05C147194C1D}.Debug|x86.ActiveCfg = Debug|x64
		{ECD906D6-5DEB-4B5B-B919-05C147194C1D}.Debug|x86.Build.0 = Debug|x64
		{ECD906D6-5DEB-4B5B-B919-05C147194C1D}.Release|x64.ActiveCfg = Release|x64
		{ECD906D6-5DEB-4B5B-B919-05C147194C1D}.Release|x64.Build.0 = Release|x64
		{ECD906D6-5DEB-4B5B-B919-05C147194C1D}.Release|x86.ActiveCfg = Release|x64
		{ECD906D6-5DEB-4B5B-B919-05C147194C1D}.Release|x86.Build.0 = Release|x64
	EndGlobalSection
	GlobalSection(SolutionProperties) = preSolution
		HideSolutionNode = FALSE
	EndGlobalSection
	GlobalSection(ExtensibilityGlobals) = postSolution
		SolutionGuid = {6D16F952-C4CD-411F-B42D-A69F287948B8}
	EndGlobalSection
EndGlobal
