<Solution>
  <Configurations>
    <Platform Name="x64" />
    <Platform Name="x86" />
  </Configurations>
  <Project Path="../../asdxAsset/project/asdxAsset.vcxproj" Id="b9d43f50-8879-4195-81ab-e3b1ea58f566">
    <Platform Project="x64" />
  </Project>
  <Project Path="TextureConverter.vcxproj" Id="84a70e4c-a245-4ce7-9a2e-520fc513e9fc" />
</Solution>
