<?xml version="1.0" encoding="utf-8"?>
<Project ToolsVersion="4.0" xmlns="http://schemas.microsoft.com/developer/msbuild/2003">
  <ItemGroup>
    <Filter Include="ソース ファイル">
      <UniqueIdentifier>{4FC737F1-C7A5-4376-A066-2A32D752A2FF}</UniqueIdentifier>
      <Extensions>cpp;c;cc;cxx;c++;def;odl;idl;hpj;bat;asm;asmx</Extensions>
    </Filter>
    <Filter Include="ヘッダー ファイル">
      <UniqueIdentifier>{93995380-89BD-4b04-88EB-625FBE52EBFB}</UniqueIdentifier>
      <Extensions>h;hh;hpp;hxx;h++;hm;inl;inc;ipp;xsd</Extensions>
    </Filter>
    <Filter Include="リソース ファイル">
      <UniqueIdentifier>{67DA6AB6-F800-4c08-8B7A-83BB121AAD01}</UniqueIdentifier>
      <Extensions>rc;ico;cur;bmp;dlg;rc2;rct;bin;rgs;gif;jpg;jpeg;jpe;resx;tiff;tif;png;wav;mfcribbon-ms</Extensions>
    </Filter>
    <Filter Include="ソース ファイル\edit">
      <UniqueIdentifier>{3109205d-44f8-4f6a-873a-1a2c2114e8d7}</UniqueIdentifier>
    </Filter>
    <Filter Include="ヘッダー ファイル\edit">
      <UniqueIdentifier>{5844286c-c68c-494c-b554-973b151d6f5f}</UniqueIdentifier>
    </Filter>
    <Filter Include="ソース ファイル\external">
      <UniqueIdentifier>{9fd8262d-c14d-4dae-bdcb-d5e06b7ce6af}</UniqueIdentifier>
    </Filter>
    <Filter Include="ソース ファイル\external\imgui">
      <UniqueIdentifier>{2ff19ec3-05b3-4fbd-9605-ee6c04e16b3b}</UniqueIdentifier>
    </Filter>
    <Filter Include="ソース ファイル\external\tinyxml2">
      <UniqueIdentifier>{eccfe766-36ea-4686-bea7-47c33ff9efb2}</UniqueIdentifier>
    </Filter>
    <Filter Include="ソース ファイル\core">
      <UniqueIdentifier>{a60684e9-49f0-4707-9b5e-7575a5aa87dc}</UniqueIdentifier>
    </Filter>
    <Filter Include="ヘッダー ファイル\core">
      <UniqueIdentifier>{17814e84-80c0-4d80-9375-aed24ea4b115}</UniqueIdentifier>
    </Filter>
    <Filter Include="ヘッダー ファイル\fw">
      <UniqueIdentifier>{ebcf41ae-6a63-44f6-8c83-c608f82d136e}</UniqueIdentifier>
    </Filter>
    <Filter Include="ソース ファイル\fw">
      <UniqueIdentifier>{1bd64746-6373-4cbb-b9c9-aa9e450b10fd}</UniqueIdentifier>
    </Filter>
    <Filter Include="ソース ファイル\gfx">
      <UniqueIdentifier>{125a060f-ee53-4f62-b579-e8ef88e1da16}</UniqueIdentifier>
    </Filter>
    <Filter Include="ヘッダー ファイル\gfx">
      <UniqueIdentifier>{e195f819-9403-4ec1-980a-db7d1d5d123a}</UniqueIdentifier>
    </Filter>
    <Filter Include="ソース ファイル\res">
      <UniqueIdentifier>{88ced615-62dd-45b6-94a8-825c1079d1f3}</UniqueIdentifier>
    </Filter>
    <Filter Include="ヘッダー ファイル\res">
      <UniqueIdentifier>{35f7670c-6979-497d-86f0-ee107ba6071b}</UniqueIdentifier>
    </Filter>
    <Filter Include="ソース ファイル\rs">
      <UniqueIdentifier>{59d7c622-4850-40ba-a6f4-1df8e1b97e7a}</UniqueIdentifier>
    </Filter>
    <Filter Include="ヘッダー ファイル\rs">
      <UniqueIdentifier>{67e5d20a-7f96-4bfe-99e9-6e56790d7eb6}</UniqueIdentifier>
    </Filter>
  </ItemGroup>
  <ItemGroup>
    <ClCompile Include="..\external\imgui\imgui.cpp">
      <Filter>ソース ファイル\external\imgui</Filter>
    </ClCompile>
    <ClCompile Include="..\external\imgui\imgui_draw.cpp">
      <Filter>ソース ファイル\external\imgui</Filter>
    </ClCompile>
    <ClCompile Include="..\external\imgui\imgui_widgets.cpp">
      <Filter>ソース ファイル\external\imgui</Filter>
    </ClCompile>
    <ClCompile Include="..\external\tinyxml2\tinyxml2.cpp">
      <Filter>ソース ファイル\external\tinyxml2</Filter>
    </ClCompile>
    <ClCompile Include="..\src\core\asdxFrameHeap.cpp">
      <Filter>ソース ファイル\core</Filter>
    </ClCompile>
    <ClCompile Include="..\src\core\asdxGamePad.cpp">
      <Filter>ソース ファイル\core</Filter>
    </ClCompile>
    <ClCompile Include="..\src\core\asdxKeyboard.cpp">
      <Filter>ソース ファイル\core</Filter>
    </ClCompile>
    <ClCompile Include="..\src\core\asdxLogger.cpp">
      <Filter>ソース ファイル\core</Filter>
    </ClCompile>
    <ClCompile Include="..\src\core\asdxMisc.cpp">
      <Filter>ソース ファイル\core</Filter>
    </ClCompile>
    <ClCompile Include="..\src\core\asdxMouse.cpp">
      <Filter>ソース ファイル\core</Filter>
    </ClCompile>
    <ClCompile Include="..\src\core\asdxRandom.cpp">
      <Filter>ソース ファイル\core</Filter>
    </ClCompile>
    <ClCompile Include="..\src\core\asdxTablet.cpp">
      <Filter>ソース ファイル\core</Filter>
    </ClCompile>
    <ClCompile Include="..\src\core\asdxThread.cpp">
      <Filter>ソース ファイル\core</Filter>
    </ClCompile>
    <ClCompile Include="..\src\core\asdxThreadPool.cpp">
      <Filter>ソース ファイル\core</Filter>
    </ClCompile>
    <ClCompile Include="..\src\edit\asdxEditParam.cpp">
      <Filter>ソース ファイル\edit</Filter>
    </ClCompile>
    <ClCompile Include="..\src\edit\asdxFileWatcher.cpp">
      <Filter>ソース ファイル\edit</Filter>
    </ClCompile>
    <ClCompile Include="..\src\edit\asdxGuiMgr.cpp">
      <Filter>ソース ファイル\edit</Filter>
    </ClCompile>
    <ClCompile Include="..\src\edit\asdxHistory.cpp">
      <Filter>ソース ファイル\edit</Filter>
    </ClCompile>
    <ClCompile Include="..\src\edit\asdxP4VHelper.cpp">
      <Filter>ソース ファイル\edit</Filter>
    </ClCompile>
    <ClCompile Include="..\src\edit\asdxTcpConnector.cpp">
      <Filter>ソース ファイル\edit</Filter>
    </ClCompile>
    <ClCompile Include="..\src\fw\asdxApp.cpp">
      <Filter>ソース ファイル\fw</Filter>
    </ClCompile>
    <ClCompile Include="..\src\fw\asdxMessage.cpp">
      <Filter>ソース ファイル\fw</Filter>
    </ClCompile>
    <ClCompile Include="..\src\gfx\asdxByteAddressBuffer.cpp">
      <Filter>ソース ファイル\gfx</Filter>
    </ClCompile>
    <ClCompile Include="..\src\gfx\asdxCommandList.cpp">
      <Filter>ソース ファイル\gfx</Filter>
    </ClCompile>
    <ClCompile Include="..\src\gfx\asdxCommandQueue.cpp">
      <Filter>ソース ファイル\gfx</Filter>
    </ClCompile>
    <ClCompile Include="..\src\gfx\asdxConstantBuffer.cpp">
      <Filter>ソース ファイル\gfx</Filter>
    </ClCompile>
    <ClCompile Include="..\src\gfx\asdxDescriptor.cpp">
      <Filter>ソース ファイル\gfx</Filter>
    </ClCompile>
    <ClCompile Include="..\src\gfx\asdxFence.cpp">
      <Filter>ソース ファイル\gfx</Filter>
    </ClCompile>
    <ClCompile Include="..\src\gfx\asdxIndexBuffer.cpp">
      <Filter>ソース ファイル\gfx</Filter>
    </ClCompile>
    <ClCompile Include="..\src\gfx\asdxPipelineState.cpp">
      <Filter>ソース ファイル\gfx</Filter>
    </ClCompile>
    <ClCompile Include="..\src\gfx\asdxQuad.cpp">
      <Filter>ソース ファイル\gfx</Filter>
    </ClCompile>
    <ClCompile Include="..\src\gfx\asdxRayTracing.cpp">
      <Filter>ソース ファイル\gfx</Filter>
    </ClCompile>
    <ClCompile Include="..\src\gfx\asdxSampler.cpp">
      <Filter>ソース ファイル\gfx</Filter>
    </ClCompile>
    <ClCompile Include="..\src\gfx\asdxScreenCapture.cpp">
      <Filter>ソース ファイル\gfx</Filter>
    </ClCompile>
    <ClCompile Include="..\src\gfx\asdxSprite.cpp">
      <Filter>ソース ファイル\gfx</Filter>
    </ClCompile>
    <ClCompile Include="..\src\gfx\asdxStructuredBuffer.cpp">
      <Filter>ソース ファイル\gfx</Filter>
    </ClCompile>
    <ClCompile Include="..\src\gfx\asdxTarget.cpp">
      <Filter>ソース ファイル\gfx</Filter>
    </ClCompile>
    <ClCompile Include="..\src\gfx\asdxTexture.cpp">
      <Filter>ソース ファイル\gfx</Filter>
    </ClCompile>
    <ClCompile Include="..\src\gfx\asdxVertexBuffer.cpp">
      <Filter>ソース ファイル\gfx</Filter>
    </ClCompile>
    <ClCompile Include="..\src\gfx\asdxView.cpp">
      <Filter>ソース ファイル\gfx</Filter>
    </ClCompile>
    <ClCompile Include="..\src\gfx\asdxGraphicsSystem.cpp">
      <Filter>ソース ファイル\gfx</Filter>
    </ClCompile>
    <ClCompile Include="..\src\gfx\asdxRootSignature.cpp">
      <Filter>ソース ファイル\gfx</Filter>
    </ClCompile>
    <ClCompile Include="..\src\gfx\asdxReflection.cpp">
      <Filter>ソース ファイル\gfx</Filter>
    </ClCompile>
    <ClCompile Include="..\src\res\asdxResMaterial.cpp">
      <Filter>ソース ファイル\res</Filter>
    </ClCompile>
    <ClCompile Include="..\src\res\asdxResModel.cpp">
      <Filter>ソース ファイル\res</Filter>
    </ClCompile>
    <ClCompile Include="..\src\res\asdxResTexture.cpp">
      <Filter>ソース ファイル\res</Filter>
    </ClCompile>
    <ClCompile Include="..\src\gfx\asdxUploadResource.cpp">
      <Filter>ソース ファイル\gfx</Filter>
    </ClCompile>
    <ClCompile Include="..\src\gfx\asdxModel.cpp">
      <Filter>ソース ファイル\gfx</Filter>
    </ClCompile>
    <ClCompile Include="..\src\gfx\asdxResourceUploader.cpp">
      <Filter>ソース ファイル\gfx</Filter>
    </ClCompile>
    <ClCompile Include="..\src\rs\asdxPassGraph.cpp">
      <Filter>ソース ファイル\rs</Filter>
    </ClCompile>
  </ItemGroup>
  <ItemGroup>
    <ClInclude Include="..\external\imgui\imconfig.h">
      <Filter>ソース ファイル\external\imgui</Filter>
    </ClInclude>
    <ClInclude Include="..\external\imgui\imgui.h">
      <Filter>ソース ファイル\external\imgui</Filter>
    </ClInclude>
    <ClInclude Include="..\external\imgui\imgui_internal.h">
      <Filter>ソース ファイル\external\imgui</Filter>
    </ClInclude>
    <ClInclude Include="..\external\imgui\imstb_rectpack.h">
      <Filter>ソース ファイル\external\imgui</Filter>
    </ClInclude>
    <ClInclude Include="..\external\imgui\imstb_textedit.h">
      <Filter>ソース ファイル\external\imgui</Filter>
    </ClInclude>
    <ClInclude Include="..\external\imgui\imstb_truetype.h">
      <Filter>ソース ファイル\external\imgui</Filter>
    </ClInclude>
    <ClInclude Include="..\external\tinyxml2\tinyxml2.h">
      <Filter>ソース ファイル\external\tinyxml2</Filter>
    </ClInclude>
    <ClInclude Include="..\include\edit\asdxEditParam.h">
      <Filter>ヘッダー ファイル\edit</Filter>
    </ClInclude>
    <ClInclude Include="..\include\edit\asdxFileWatcher.h">
      <Filter>ヘッダー ファイル\edit</Filter>
    </ClInclude>
    <ClInclude Include="..\include\edit\asdxGuiMgr.h">
      <Filter>ヘッダー ファイル\edit</Filter>
    </ClInclude>
    <ClInclude Include="..\include\edit\asdxHistory.h">
      <Filter>ヘッダー ファイル\edit</Filter>
    </ClInclude>
    <ClInclude Include="..\include\edit\asdxP4VHelper.h">
      <Filter>ヘッダー ファイル\edit</Filter>
    </ClInclude>
    <ClInclude Include="..\include\edit\asdxTcpConnector.h">
      <Filter>ヘッダー ファイル\edit</Filter>
    </ClInclude>
    <ClInclude Include="..\include\core\asdxFrameHeap.h">
      <Filter>ヘッダー ファイル\core</Filter>
    </ClInclude>
    <ClInclude Include="..\include\core\asdxHash.h">
      <Filter>ヘッダー ファイル\core</Filter>
    </ClInclude>
    <ClInclude Include="..\include\core\asdxHid.h">
      <Filter>ヘッダー ファイル\core</Filter>
    </ClInclude>
    <ClInclude Include="..\include\core\asdxList.h">
      <Filter>ヘッダー ファイル\core</Filter>
    </ClInclude>
    <ClInclude Include="..\include\core\asdxLogger.h">
      <Filter>ヘッダー ファイル\core</Filter>
    </ClInclude>
    <ClInclude Include="..\include\core\asdxMacro.h">
      <Filter>ヘッダー ファイル\core</Filter>
    </ClInclude>
    <ClInclude Include="..\include\core\asdxMath.h">
      <Filter>ヘッダー ファイル\core</Filter>
    </ClInclude>
    <ClInclude Include="..\include\core\asdxMisc.h">
      <Filter>ヘッダー ファイル\core</Filter>
    </ClInclude>
    <ClInclude Include="..\include\core\asdxQueue.h">
      <Filter>ヘッダー ファイル\core</Filter>
    </ClInclude>
    <ClInclude Include="..\include\core\asdxSpinLock.h">
      <Filter>ヘッダー ファイル\core</Filter>
    </ClInclude>
    <ClInclude Include="..\include\core\asdxStack.h">
      <Filter>ヘッダー ファイル\core</Filter>
    </ClInclude>
    <ClInclude Include="..\include\core\asdxStopWatch.h">
      <Filter>ヘッダー ファイル\core</Filter>
    </ClInclude>
    <ClInclude Include="..\include\core\asdxTablet.h">
      <Filter>ヘッダー ファイル\core</Filter>
    </ClInclude>
    <ClInclude Include="..\include\core\asdxThread.h">
      <Filter>ヘッダー ファイル\core</Filter>
    </ClInclude>
    <ClInclude Include="..\include\core\asdxThreadPool.h">
      <Filter>ヘッダー ファイル\core</Filter>
    </ClInclude>
    <ClInclude Include="..\include\fw\asdxApp.h">
      <Filter>ヘッダー ファイル\fw</Filter>
    </ClInclude>
    <ClInclude Include="..\include\fw\asdxMessage.h">
      <Filter>ヘッダー ファイル\fw</Filter>
    </ClInclude>
    <ClInclude Include="..\include\gfx\asdxByteAddressBuffer.h">
      <Filter>ヘッダー ファイル\gfx</Filter>
    </ClInclude>
    <ClInclude Include="..\include\gfx\asdxCommandList.h">
      <Filter>ヘッダー ファイル\gfx</Filter>
    </ClInclude>
    <ClInclude Include="..\include\gfx\asdxCommandQueue.h">
      <Filter>ヘッダー ファイル\gfx</Filter>
    </ClInclude>
    <ClInclude Include="..\include\gfx\asdxConstantBuffer.h">
      <Filter>ヘッダー ファイル\gfx</Filter>
    </ClInclude>
    <ClInclude Include="..\include\gfx\asdxDescriptor.h">
      <Filter>ヘッダー ファイル\gfx</Filter>
    </ClInclude>
    <ClInclude Include="..\include\gfx\asdxDisposer.h">
      <Filter>ヘッダー ファイル\gfx</Filter>
    </ClInclude>
    <ClInclude Include="..\include\gfx\asdxFence.h">
      <Filter>ヘッダー ファイル\gfx</Filter>
    </ClInclude>
    <ClInclude Include="..\include\gfx\asdxIndexBuffer.h">
      <Filter>ヘッダー ファイル\gfx</Filter>
    </ClInclude>
    <ClInclude Include="..\include\gfx\asdxPipelineState.h">
      <Filter>ヘッダー ファイル\gfx</Filter>
    </ClInclude>
    <ClInclude Include="..\include\gfx\asdxQuad.h">
      <Filter>ヘッダー ファイル\gfx</Filter>
    </ClInclude>
    <ClInclude Include="..\include\gfx\asdxRayTracing.h">
      <Filter>ヘッダー ファイル\gfx</Filter>
    </ClInclude>
    <ClInclude Include="..\include\gfx\asdxSampler.h">
      <Filter>ヘッダー ファイル\gfx</Filter>
    </ClInclude>
    <ClInclude Include="..\include\gfx\asdxScreenCpature.h">
      <Filter>ヘッダー ファイル\gfx</Filter>
    </ClInclude>
    <ClInclude Include="..\include\gfx\asdxSprite.h">
      <Filter>ヘッダー ファイル\gfx</Filter>
    </ClInclude>
    <ClInclude Include="..\include\gfx\asdxStructuredBuffer.h">
      <Filter>ヘッダー ファイル\gfx</Filter>
    </ClInclude>
    <ClInclude Include="..\include\gfx\asdxTarget.h">
      <Filter>ヘッダー ファイル\gfx</Filter>
    </ClInclude>
    <ClInclude Include="..\include\gfx\asdxTexture.h">
      <Filter>ヘッダー ファイル\gfx</Filter>
    </ClInclude>
    <ClInclude Include="..\include\gfx\asdxVertexBuffer.h">
      <Filter>ヘッダー ファイル\gfx</Filter>
    </ClInclude>
    <ClInclude Include="..\include\gfx\asdxView.h">
      <Filter>ヘッダー ファイル\gfx</Filter>
    </ClInclude>
    <ClInclude Include="..\include\gfx\asdxGraphicsSystem.h">
      <Filter>ヘッダー ファイル\gfx</Filter>
    </ClInclude>
    <ClInclude Include="..\include\core\asdxStepTimer.h">
      <Filter>ヘッダー ファイル\core</Filter>
    </ClInclude>
    <ClInclude Include="..\include\gfx\asdxRootSignature.h">
      <Filter>ヘッダー ファイル\gfx</Filter>
    </ClInclude>
    <ClInclude Include="..\include\gfx\asdxReflection.h">
      <Filter>ヘッダー ファイル\gfx</Filter>
    </ClInclude>
    <ClInclude Include="..\include\res\asdxResMaterial.h">
      <Filter>ヘッダー ファイル\res</Filter>
    </ClInclude>
    <ClInclude Include="..\include\res\asdxResModel.h">
      <Filter>ヘッダー ファイル\res</Filter>
    </ClInclude>
    <ClInclude Include="..\include\res\asdxResTexture.h">
      <Filter>ヘッダー ファイル\res</Filter>
    </ClInclude>
    <ClInclude Include="..\include\gfx\asdxUploadResource.h">
      <Filter>ヘッダー ファイル\gfx</Filter>
    </ClInclude>
    <ClInclude Include="..\include\gfx\asdxModel.h">
      <Filter>ヘッダー ファイル\gfx</Filter>
    </ClInclude>
    <ClInclude Include="..\include\gfx\asdxResourceUploader.h">
      <Filter>ヘッダー ファイル\gfx</Filter>
    </ClInclude>
    <ClInclude Include="..\include\rs\asdxPassGraph.h">
      <Filter>ヘッダー ファイル\rs</Filter>
    </ClInclude>
  </ItemGroup>
  <ItemGroup>
    <None Include="..\res\shaders\BRDF.hlsli">
      <Filter>リソース ファイル</Filter>
    </None>
    <None Include="..\res\shaders\Math.hlsli">
      <Filter>リソース ファイル</Filter>
    </None>
    <None Include="..\res\shaders\Shadow.hlsli">
      <Filter>リソース ファイル</Filter>
    </None>
    <None Include="..\res\shaders\TextureUtil.hlsli">
      <Filter>リソース ファイル</Filter>
    </None>
    <None Include="..\include\core\asdxMath.inl">
      <Filter>ヘッダー ファイル\core</Filter>
    </None>
  </ItemGroup>
  <ItemGroup>
    <FxCompile Include="..\res\shaders\CopyPS.hlsl">
      <Filter>リソース ファイル</Filter>
    </FxCompile>
    <FxCompile Include="..\res\shaders\FullScreenVS.hlsl">
      <Filter>リソース ファイル</Filter>
    </FxCompile>
    <FxCompile Include="..\res\shaders\ImGuiPS.hlsl">
      <Filter>リソース ファイル</Filter>
    </FxCompile>
    <FxCompile Include="..\res\shaders\ImGuiVS.hlsl">
      <Filter>リソース ファイル</Filter>
    </FxCompile>
    <FxCompile Include="..\res\shaders\SkyBoxPS.hlsl">
      <Filter>リソース ファイル</Filter>
    </FxCompile>
    <FxCompile Include="..\res\shaders\SkyBoxVS.hlsl">
      <Filter>リソース ファイル</Filter>
    </FxCompile>
    <FxCompile Include="..\res\shaders\SkySpherePS.hlsl">
      <Filter>リソース ファイル</Filter>
    </FxCompile>
    <FxCompile Include="..\res\shaders\SkySphereVS.hlsl">
      <Filter>リソース ファイル</Filter>
    </FxCompile>
    <FxCompile Include="..\res\shaders\TaaPS.hlsl">
      <Filter>リソース ファイル</Filter>
    </FxCompile>
    <FxCompile Include="..\res\shaders\ColorFilterCS.hlsl">
      <Filter>リソース ファイル</Filter>
    </FxCompile>
    <FxCompile Include="..\res\shaders\CrossBilateralFilterCS.hlsl">
      <Filter>リソース ファイル</Filter>
    </FxCompile>
    <FxCompile Include="..\res\shaders\SpriteVS.hlsl">
      <Filter>リソース ファイル</Filter>
    </FxCompile>
    <FxCompile Include="..\res\shaders\SpritePS.hlsl">
      <Filter>リソース ファイル</Filter>
    </FxCompile>
  </ItemGroup>
</Project>