
Microsoft Visual Studio Solution File, Format Version 12.00
# Visual Studio Version 17
VisualStudioVersion = 17.14.36310.24
MinimumVisualStudioVersion = 10.0.40219.1
Project("{8BC9CEB8-8B4A-11D0-8D11-00A0C91BC942}") = "FontConverter", "FontConverter.vcxproj", "{9B28E065-F9F0-44CE-B860-9D8B252BBD0C}"
EndProject
Project("{8BC9CEB8-8B4A-11D0-8D11-00A0C91BC942}") = "DirectXTex", "..\..\..\external\DirectXTex\DirectXTex\DirectXTex_Desktop_2022.vcxproj", "{371B9FA9-4C90-4AC6-A123-ACED756D6C77}"
EndProject
Project("{8BC9CEB8-8B4A-11D0-8D11-00A0C91BC942}") = "FontConverterLib", "FontConverterLib.vcxproj", "{0DDF2399-CB08-43BA-B623-E8827D407A08}"
EndProject
Global
	GlobalSection(SolutionConfigurationPlatforms) = preSolution
		Debug|x64 = Debug|x64
		Debug|x86 = Debug|x86
		Release|x64 = Release|x64
		Release|x86 = Release|x86
	EndGlobalSection
	GlobalSection(ProjectConfigurationPlatforms) = postSolution
		{9B28E065-F9F0-44CE-B860-9D8B252BBD0C}.Debug|x64.ActiveCfg = Debug|x64
		{9B28E065-F9F0-44CE-B860-9D8B252BBD0C}.Debug|x64.Build.0 = Debug|x64
		{9B28E065-F9F0-44CE-B860-9D8B252BBD0C}.Debug|x86.ActiveCfg = Debug|Win32
		{9B28E065-F9F0-44CE-B860-9D8B252BBD0C}.Debug|x86.Build.0 = Debug|Win32
		{9B28E065-F9F0-44CE-B860-9D8B252BBD0C}.Release|x64.ActiveCfg = Release|x64
		{9B28E065-F9F0-44CE-B860-9D8B252BBD0C}.Release|x64.Build.0 = Release|x64
		{9B28E065-F9F0-44CE-B860-9D8B252BBD0C}.Release|x86.ActiveCfg = Release|Win32
		{9B28E065-F9F0-44CE-B860-9D8B252BBD0C}.Release|x86.Build.0 = Release|Win32
		{371B9FA9-4C90-4AC6-A123-ACED756D6C77}.Debug|x64.ActiveCfg = Debug|x64
		{371B9FA9-4C90-4AC6-A123-ACED756D6C77}.Debug|x64.Build.0 = Debug|x64
		{371B9FA9-4C90-4AC6-A123-ACED756D6C77}.Debug|x86.ActiveCfg = Debug|Win32
		{371B9FA9-4C90-4AC6-A123-ACED756D6C77}.Debug|x86.Build.0 = Debug|Win32
		{371B9FA9-4C90-4AC6-A123-ACED756D6C77}.Release|x64.ActiveCfg = Release|x64
		{371B9FA9-4C90-4AC6-A123-ACED756D6C77}.Release|x64.Build.0 = Release|x64
		{371B9FA9-4C90-4AC6-A123-ACED756D6C77}.Release|x86.ActiveCfg = Release|Win32
		{371B9FA9-4C90-4AC6-A123-ACED756D6C77}.Release|x86.Build.0 = Release|Win32
		{0DDF2399-CB08-43BA-B623-E8827D407A08}.Debug|x64.ActiveCfg = Debug|x64
		{0DDF2399-CB08-43BA-B623-E8827D407A08}.Debug|x64.Build.0 = Debug|x64
		{0DDF2399-CB08-43BA-B623-E8827D407A08}.Debug|x86.ActiveCfg = Debug|Win32
		{0DDF2399-CB08-43BA-B623-E8827D407A08}.Debug|x86.Build.0 = Debug|Win32
		{0DDF2399-CB08-43BA-B623-E8827D407A08}.Release|x64.ActiveCfg = Release|x64
		{0DDF2399-CB08-43BA-B623-E8827D407A08}.Release|x64.Build.0 = Release|x64
		{0DDF2399-CB08-43BA-B623-E8827D407A08}.Release|x86.ActiveCfg = Release|Win32
		{0DDF2399-CB08-43BA-B623-E8827D407A08}.Release|x86.Build.0 = Release|Win32
	EndGlobalSection
	GlobalSection(SolutionProperties) = preSolution
		HideSolutionNode = FALSE
	EndGlobalSection
	GlobalSection(ExtensibilityGlobals) = postSolution
		SolutionGuid = {DAE05F51-36D1-4F14-BA81-510B51B6A93A}
	EndGlobalSection
EndGlobal
