<Solution>
  <Configurations>
    <Platform Name="x64" />
    <Platform Name="x86" />
  </Configurations>
  <Project Path="../../asdxAsset/project/asdxAsset.vcxproj" Id="b9d43f50-8879-4195-81ab-e3b1ea58f566" />
  <Project Path="FontConverter.vcxproj" Id="9b28e065-f9f0-44ce-b860-9d8b252bbd0c" />
</Solution>
